{
  "name": "advice",
  "version": "1.0.0",
  "lockfileVersion": 2,
  "requires": true,
  "packages": {
    "": {
      "name": "advice",
      "version": "1.0.0",
      "license": "ISC",
      "dependencies": {
        "json-as": "^0.2.6"
      }
    },
    "node_modules/as-string-sink": {
      "version": "0.4.2",
      "resolved": "https://registry.npmjs.org/as-string-sink/-/as-string-sink-0.4.2.tgz",
      "integrity": "sha512-eOuOYPUwwv4QumoJIa7XxyS0OjXI6CyZz2dtba/hTeG5hzhq58HzAPD2FbHhjfYUXQaSAacFnJ9g2Zlfw56LgQ=="
    },
    "node_modules/json-as": {
      "version": "0.2.6",
      "resolved": "https://registry.npmjs.org/json-as/-/json-as-0.2.6.tgz",
      "integrity": "sha512-adGnfJB57eQwVnw0yP3b0yUBhRWa9QUr/JDAgjYV2yvbl5ckV9P3ARAGwXywiZhOE854k1zL29vB7uGRZhM0cQ==",
      "dependencies": {
        "as-string-sink": "^0.4.2"
      }
    }
  },
  "dependencies": {
    "as-string-sink": {
      "version": "0.4.2",
      "resolved": "https://registry.npmjs.org/as-string-sink/-/as-string-sink-0.4.2.tgz",
      "integrity": "sha512-eOuOYPUwwv4QumoJIa7XxyS0OjXI6CyZz2dtba/hTeG5hzhq58HzAPD2FbHhjfYUXQaSAacFnJ9g2Zlfw56LgQ=="
    },
    "json-as": {
      "version": "0.2.6",
      "resolved": "https://registry.npmjs.org/json-as/-/json-as-0.2.6.tgz",
      "integrity": "sha512-adGnfJB57eQwVnw0yP3b0yUBhRWa9QUr/JDAgjYV2yvbl5ckV9P3ARAGwXywiZhOE854k1zL29vB7uGRZhM0cQ==",
      "requires": {
        "as-string-sink": "^0.4.2"
      }
    }
  }
}
